Microsoft Visual Studio Solution File, Format Version 12.00
# Visual Studio Version 17
VisualStudioVersion = 17.5.2.0
MinimumVisualStudioVersion = 10.0.40219.1
Project("{FAE04EC0-301F-11D3-BF4B-00C04F79EFBC}") = "NotHesaplamaProjesi", "NotHesaplamaProjesi.csproj", "{D622568F-C881-342D-35AC-5921A7CC7349}"
EndProject
Global
	GlobalSection(SolutionConfigurationPlatforms) = preSolution
		Debug|Any CPU = Debug|Any CPU
		Release|Any CPU = Release|Any CPU
	EndGlobalSection
	GlobalSection(ProjectConfigurationPlatforms) = postSolution
		{D622568F-C881-342D-35AC-5921A7CC7349}.Debug|Any CPU.ActiveCfg = Debug|Any CPU
		{D622568F-C881-342D-35AC-5921A7CC7349}.Debug|Any CPU.Build.0 = Debug|Any CPU
		{D622568F-C881-342D-35AC-5921A7CC7349}.Release|Any CPU.ActiveCfg = Release|Any CPU
		{D622568F-C881-342D-35AC-5921A7CC7349}.Release|Any CPU.Build.0 = Release|Any CPU
	EndGlobalSection
	GlobalSection(SolutionProperties) = preSolution
		HideSolutionNode = FALSE
	EndGlobalSection
	GlobalSection(ExtensibilityGlobals) = postSolution
		SolutionGuid = {C603915D-539C-41B3-B8CA-5F0B82EBF49E}
	EndGlobalSection
EndGlobal
